
Microsoft Visual Studio Solution File, Format Version 12.00
# Visual Studio Version 16
VisualStudioVersion = 16.0.29709.97
MinimumVisualStudioVersion = 10.0.40219.1
Project("{FAE04EC0-301F-11D3-BF4B-00C04F79EFBC}") = "LR22", "LR22\LR22.csproj", "{8488D341-87D8-449D-A022-71993E9DF824}"
EndProject
Global
	GlobalSection(SolutionConfigurationPlatforms) = preSolution
		Debug|Any CPU = Debug|Any CPU
		Release|Any CPU = Release|Any CPU
	EndGlobalSection
	GlobalSection(ProjectConfigurationPlatforms) = postSolution
		{8488D341-87D8-449D-A022-71993E9DF824}.Debug|Any CPU.ActiveCfg = Debug|Any CPU
		{8488D341-87D8-449D-A022-71993E9DF824}.Debug|Any CPU.Build.0 = Debug|Any CPU
		{8488D341-87D8-449D-A022-71993E9DF824}.Release|Any CPU.ActiveCfg = Release|Any CPU
		{8488D341-87D8-449D-A022-71993E9DF824}.Release|Any CPU.Build.0 = Release|Any CPU
	EndGlobalSection
	GlobalSection(SolutionProperties) = preSolution
		HideSolutionNode = FALSE
	EndGlobalSection
	GlobalSection(ExtensibilityGlobals) = postSolution
		SolutionGuid = {B858E622-C6CB-4DD0-86AE-1122ED6CCC92}
	EndGlobalSection
EndGlobal
